// !$*UTF8*$!
{
	archiveVersion = 1;
	classes = {
	};
	objectVersion = 48;
	objects = {

/* Begin PBXBuildFile section */
		3446965C20D656AC00D5C290 /* AppDelegate.swift in Sources */ = {isa = PBXBuildFile; fileRef = 3446965B20D656AC00D5C290 /* AppDelegate.swift */; };
		3446966120D656AC00D5C290 /* Main.storyboard in Resources */ = {isa = PBXBuildFile; fileRef = 3446965F20D656AC00D5C290 /* Main.storyboard */; };
		3446966320D656B200D5C290 /* Assets.xcassets in Resources */ = {isa = PBXBuildFile; fileRef = 3446966220D656B200D5C290 /* Assets.xcassets */; };
		3446966620D656B200D5C290 /* LaunchScreen.storyboard in Resources */ = {isa = PBXBuildFile; fileRef = 3446966420D656B200D5C290 /* LaunchScreen.storyboard */; };
		3446966F20D658AB00D5C290 /* CGWelcomeSceneVC.swift in Sources */ = {isa = PBXBuildFile; fileRef = 3446966E20D658AB00D5C290 /* CGWelcomeSceneVC.swift */; };
		3446967320D65BD100D5C290 /* CGListSceneVC.swift in Sources */ = {isa = PBXBuildFile; fileRef = 3446967220D65BD100D5C290 /* CGListSceneVC.swift */; };
		3446967520D6674400D5C290 /* CGListSceneCell.swift in Sources */ = {isa = PBXBuildFile; fileRef = 3446967420D6674400D5C290 /* CGListSceneCell.swift */; };
		3446967820D6694600D5C290 /* CGSwiftExtensions.swift in Sources */ = {isa = PBXBuildFile; fileRef = 3446967720D6694600D5C290 /* CGSwiftExtensions.swift */; };
		3446967A20D6698F00D5C290 /* CGReachability.swift in Sources */ = {isa = PBXBuildFile; fileRef = 3446967920D6698F00D5C290 /* CGReachability.swift */; };
/* End PBXBuildFile section */

/* Begin PBXFileReference section */
		3446965820D656AC00D5C290 /* CapGemini-PoC.app */ = {isa = PBXFileReference; explicitFileType = wrapper.application; includeInIndex = 0; path = "CapGemini-PoC.app"; sourceTree = BUILT_PRODUCTS_DIR; };
		3446965B20D656AC00D5C290 /* AppDelegate.swift */ = {isa = PBXFileReference; lastKnownFileType = sourcecode.swift; path = AppDelegate.swift; sourceTree = "<group>"; };
		3446966020D656AC00D5C290 /* Base */ = {isa = PBXFileReference; lastKnownFileType = file.storyboard; name = Base; path = Base.lproj/Main.storyboard; sourceTree = "<group>"; };
		3446966220D656B200D5C290 /* Assets.xcassets */ = {isa = PBXFileReference; lastKnownFileType = folder.assetcatalog; path = Assets.xcassets; sourceTree = "<group>"; };
		3446966520D656B200D5C290 /* Base */ = {isa = PBXFileReference; lastKnownFileType = file.storyboard; name = Base; path = Base.lproj/LaunchScreen.storyboard; sourceTree = "<group>"; };
		3446966720D656B200D5C290 /* Info.plist */ = {isa = PBXFileReference; lastKnownFileType = text.plist.xml; path = Info.plist; sourceTree = "<group>"; };
		3446966E20D658AB00D5C290 /* CGWelcomeSceneVC.swift */ = {isa = PBXFileReference; lastKnownFileType = sourcecode.swift; path = CGWelcomeSceneVC.swift; sourceTree = "<group>"; };
		3446967220D65BD100D5C290 /* CGListSceneVC.swift */ = {isa = PBXFileReference; lastKnownFileType = sourcecode.swift; path = CGListSceneVC.swift; sourceTree = "<group>"; };
		3446967420D6674400D5C290 /* CGListSceneCell.swift */ = {isa = PBXFileReference; lastKnownFileType = sourcecode.swift; name = CGListSceneCell.swift; path = ../../../../../../Documents/CGListSceneCell.swift; sourceTree = "<group>"; };
		3446967720D6694600D5C290 /* CGSwiftExtensions.swift */ = {isa = PBXFileReference; lastKnownFileType = sourcecode.swift; path = CGSwiftExtensions.swift; sourceTree = "<group>"; };
		3446967920D6698F00D5C290 /* CGReachability.swift */ = {isa = PBXFileReference; lastKnownFileType = sourcecode.swift; path = CGReachability.swift; sourceTree = "<group>"; };
/* End PBXFileReference section */

/* Begin PBXFrameworksBuildPhase section */
		3446965520D656AC00D5C290 /* Frameworks */ = {
			isa = PBXFrameworksBuildPhase;
			buildActionMask = 2147483647;
			files = (
			);
			runOnlyForDeploymentPostprocessing = 0;
		};
/* End PBXFrameworksBuildPhase section */

/* Begin PBXGroup section */
		3446964F20D656AC00D5C290 = {
			isa = PBXGroup;
			children = (
				3446965A20D656AC00D5C290 /* CapGemini-PoC */,
				3446965920D656AC00D5C290 /* Products */,
			);
			sourceTree = "<group>";
		};
		3446965920D656AC00D5C290 /* Products */ = {
			isa = PBXGroup;
			children = (
				3446965820D656AC00D5C290 /* CapGemini-PoC.app */,
			);
			name = Products;
			sourceTree = "<group>";
		};
		3446965A20D656AC00D5C290 /* CapGemini-PoC */ = {
			isa = PBXGroup;
			children = (
				3446965B20D656AC00D5C290 /* AppDelegate.swift */,
				3446966D20D6589000D5C290 /* Welcome Scene */,
				3446967020D65B9800D5C290 /* List Scene */,
				3446967620D6693000D5C290 /* Helpers */,
				3446965F20D656AC00D5C290 /* Main.storyboard */,
				3446966220D656B200D5C290 /* Assets.xcassets */,
				3446966420D656B200D5C290 /* LaunchScreen.storyboard */,
				3446966720D656B200D5C290 /* Info.plist */,
			);
			path = "CapGemini-PoC";
			sourceTree = "<group>";
		};
		3446966D20D6589000D5C290 /* Welcome Scene */ = {
			isa = PBXGroup;
			children = (
				3446966E20D658AB00D5C290 /* CGWelcomeSceneVC.swift */,
			);
			path = "Welcome Scene";
			sourceTree = "<group>";
		};
		3446967020D65B9800D5C290 /* List Scene */ = {
			isa = PBXGroup;
			children = (
				3446967120D65BBD00D5C290 /* View */,
			);
			path = "List Scene";
			sourceTree = "<group>";
		};
		3446967120D65BBD00D5C290 /* View */ = {
			isa = PBXGroup;
			children = (
				3446967220D65BD100D5C290 /* CGListSceneVC.swift */,
				3446967420D6674400D5C290 /* CGListSceneCell.swift */,
			);
			path = View;
			sourceTree = "<group>";
		};
		3446967620D6693000D5C290 /* Helpers */ = {
			isa = PBXGroup;
			children = (
				3446967720D6694600D5C290 /* CGSwiftExtensions.swift */,
				3446967920D6698F00D5C290 /* CGReachability.swift */,
			);
			path = Helpers;
			sourceTree = "<group>";
		};
/* End PBXGroup section */

/* Begin PBXNativeTarget section */
		3446965720D656AC00D5C290 /* CapGemini-PoC */ = {
			isa = PBXNativeTarget;
			buildConfigurationList = 3446966A20D656B200D5C290 /* Build configuration list for PBXNativeTarget "CapGemini-PoC" */;
			buildPhases = (
				3446965420D656AC00D5C290 /* Sources */,
				3446965520D656AC00D5C290 /* Frameworks */,
				3446965620D656AC00D5C290 /* Resources */,
			);
			buildRules = (
			);
			dependencies = (
			);
			name = "CapGemini-PoC";
			productName = "CapGemini-PoC";
			productReference = 3446965820D656AC00D5C290 /* CapGemini-PoC.app */;
			productType = "com.apple.product-type.application";
		};
/* End PBXNativeTarget section */

/* Begin PBXProject section */
		3446965020D656AC00D5C290 /* Project object */ = {
			isa = PBXProject;
			attributes = {
				LastSwiftUpdateCheck = 0940;
				LastUpgradeCheck = 0940;
				ORGANIZATIONNAME = murugananda;
				TargetAttributes = {
					3446965720D656AC00D5C290 = {
						CreatedOnToolsVersion = 9.4;
						ProvisioningStyle = Automatic;
					};
				};
			};
			buildConfigurationList = 3446965320D656AC00D5C290 /* Build configuration list for PBXProject "CapGemini-PoC" */;
			compatibilityVersion = "Xcode 8.0";
			developmentRegion = en;
			hasScannedForEncodings = 0;
			knownRegions = (
				en,
				Base,
			);
			mainGroup = 3446964F20D656AC00D5C290;
			productRefGroup = 3446965920D656AC00D5C290 /* Products */;
			projectDirPath = "";
			projectRoot = "";
			targets = (
				3446965720D656AC00D5C290 /* CapGemini-PoC */,
			);
		};
/* End PBXProject section */

/* Begin PBXResourcesBuildPhase section */
		3446965620D656AC00D5C290 /* Resources */ = {
			isa = PBXResourcesBuildPhase;
			buildActionMask = 2147483647;
			files = (
				3446966620D656B200D5C290 /* LaunchScreen.storyboard in Resources */,
				3446966320D656B200D5C290 /* Assets.xcassets in Resources */,
				3446966120D656AC00D5C290 /* Main.storyboard in Resources */,
			);
			runOnlyForDeploymentPostprocessing = 0;
		};
/* End PBXResourcesBuildPhase section */

/* Begin PBXSourcesBuildPhase section */
		3446965420D656AC00D5C290 /* Sources */ = {
			isa = PBXSourcesBuildPhase;
			buildActionMask = 2147483647;
			files = (
				3446967820D6694600D5C290 /* CGSwiftExtensions.swift in Sources */,
				3446967520D6674400D5C290 /* CGListSceneCell.swift in Sources */,
				3446967A20D6698F00D5C290 /* CGReachability.swift in Sources */,
				3446966F20D658AB00D5C290 /* CGWelcomeSceneVC.swift in Sources */,
				3446965C20D656AC00D5C290 /* AppDelegate.swift in Sources */,
				3446967320D65BD100D5C290 /* CGListSceneVC.swift in Sources */,
			);
			runOnlyForDeploymentPostprocessing = 0;
		};
/* End PBXSourcesBuildPhase section */

/* Begin PBXVariantGroup section */
		3446965F20D656AC00D5C290 /* Main.storyboard */ = {
			isa = PBXVariantGroup;
			children = (
				3446966020D656AC00D5C290 /* Base */,
			);
			name = Main.storyboard;
			sourceTree = "<group>";
		};
		3446966420D656B200D5C290 /* LaunchScreen.storyboard */ = {
			isa = PBXVariantGroup;
			children = (
				3446966520D656B200D5C290 /* Base */,
			);
			name = LaunchScreen.storyboard;
			sourceTree = "<group>";
		};
/* End PBXVariantGroup section */

/* Begin XCBuildConfiguration section */
		3446966820D656B200D5C290 /* Debug */ = {
			isa = XCBuildConfiguration;
			buildSettings = {
				ALWAYS_SEARCH_USER_PATHS = NO;
				CLANG_ANALYZER_NONNULL = YES;
				CLANG_ANALYZER_NUMBER_OBJECT_CONVERSION = YES_AGGRESSIVE;
				CLANG_CXX_LANGUAGE_STANDARD = "gnu++14";
				CLANG_CXX_LIBRARY = "libc++";
				CLANG_ENABLE_MODULES = YES;
				CLANG_ENABLE_OBJC_ARC = YES;
				CLANG_ENABLE_OBJC_WEAK = YES;
				CLANG_WARN_BLOCK_CAPTURE_AUTORELEASING = YES;
				CLANG_WARN_BOOL_CONVERSION = YES;
				CLANG_WARN_COMMA = YES;
				CLANG_WARN_CONSTANT_CONVERSION = YES;
				CLANG_WARN_DEPRECATED_OBJC_IMPLEMENTATIONS = YES;
				CLANG_WARN_DIRECT_OBJC_ISA_USAGE = YES_ERROR;
				CLANG_WARN_DOCUMENTATION_COMMENTS = YES;
				CLANG_WARN_EMPTY_BODY = YES;
				CLANG_WARN_ENUM_CONVERSION = YES;
				CLANG_WARN_INFINITE_RECURSION = YES;
				CLANG_WARN_INT_CONVERSION = YES;
				CLANG_WARN_NON_LITERAL_NULL_CONVERSION = YES;
				CLANG_WARN_OBJC_IMPLICIT_RETAIN_SELF = YES;
				CLANG_WARN_OBJC_LITERAL_CONVERSION = YES;
				CLANG_WARN_OBJC_ROOT_CLASS = YES_ERROR;
				CLANG_WARN_RANGE_LOOP_ANALYSIS = YES;
				CLANG_WARN_STRICT_PROTOTYPES = YES;
				CLANG_WARN_SUSPICIOUS_MOVE = YES;
				CLANG_WARN_UNGUARDED_AVAILABILITY = YES_AGGRESSIVE;
				CLANG_WARN_UNREACHABLE_CODE = YES;
				CLANG_WARN__DUPLICATE_METHOD_MATCH = YES;
				CODE_SIGN_IDENTITY = "iPhone Developer";
				COPY_PHASE_STRIP = NO;
				DEBUG_INFORMATION_FORMAT = dwarf;
				ENABLE_STRICT_OBJC_MSGSEND = YES;
				ENABLE_TESTABILITY = YES;
				GCC_C_LANGUAGE_STANDARD = gnu11;
				GCC_DYNAMIC_NO_PIC = NO;
				GCC_NO_COMMON_BLOCKS = YES;
				GCC_OPTIMIZATION_LEVEL = 0;
				GCC_PREPROCESSOR_DEFINITIONS = (
					"DEBUG=1",
					"$(inherited)",
				);
				GCC_WARN_64_TO_32_BIT_CONVERSION = YES;
				GCC_WARN_ABOUT_RETURN_TYPE = YES_ERROR;
				GCC_WARN_UNDECLARED_SELECTOR = YES;
				GCC_WARN_UNINITIALIZED_AUTOS = YES_AGGRESSIVE;
				GCC_WARN_UNUSED_FUNCTION = YES;
				GCC_WARN_UNUSED_VARIABLE = YES;
				IPHONEOS_DEPLOYMENT_TARGET = 11.4;
				MTL_ENABLE_DEBUG_INFO = YES;
				ONLY_ACTIVE_ARCH = YES;
				SDKROOT = iphoneos;
				SWIFT_ACTIVE_COMPILATION_CONDITIONS = DEBUG;
				SWIFT_OPTIMIZATION_LEVEL = "-Onone";
			};
			name = Debug;
		};
		3446966920D656B200D5C290 /* Release */ = {
			isa = XCBuildConfiguration;
			buildSettings = {
				ALWAYS_SEARCH_USER_PATHS = NO;
				CLANG_ANALYZER_NONNULL = YES;
				CLANG_ANALYZER_NUMBER_OBJECT_CONVERSION = YES_AGGRESSIVE;
				CLANG_CXX_LANGUAGE_STANDARD = "gnu++14";
				CLANG_CXX_LIBRARY = "libc++";
				CLANG_ENABLE_MODULES = YES;
				CLANG_ENABLE_OBJC_ARC = YES;
				CLANG_ENABLE_OBJC_WEAK = YES;
				CLANG_WARN_BLOCK_CAPTURE_AUTORELEASING = YES;
				CLANG_WARN_BOOL_CONVERSION = YES;
				CLANG_WARN_COMMA = YES;
				CLANG_WARN_CONSTANT_CONVERSION = YES;
				CLANG_WARN_DEPRECATED_OBJC_IMPLEMENTATIONS = YES;
				CLANG_WARN_DIRECT_OBJC_ISA_USAGE = YES_ERROR;
				CLANG_WARN_DOCUMENTATION_COMMENTS = YES;
				CLANG_WARN_EMPTY_BODY = YES;
				CLANG_WARN_ENUM_CONVERSION = YES;
				CLANG_WARN_INFINITE_RECURSION = YES;
				CLANG_WARN_INT_CONVERSION = YES;
				CLANG_WARN_NON_LITERAL_NULL_CONVERSION = YES;
				CLANG_WARN_OBJC_IMPLICIT_RETAIN_SELF = YES;
				CLANG_WARN_OBJC_LITERAL_CONVERSION = YES;
				CLANG_WARN_OBJC_ROOT_CLASS = YES_ERROR;
				CLANG_WARN_RANGE_LOOP_ANALYSIS = YES;
				CLANG_WARN_STRICT_PROTOTYPES = YES;
				CLANG_WARN_SUSPICIOUS_MOVE = YES;
				CLANG_WARN_UNGUARDED_AVAILABILITY = YES_AGGRESSIVE;
				CLANG_WARN_UNREACHABLE_CODE = YES;
				CLANG_WARN__DUPLICATE_METHOD_MATCH = YES;
				CODE_SIGN_IDENTITY = "iPhone Developer";
				COPY_PHASE_STRIP = NO;
				DEBUG_INFORMATION_FORMAT = "dwarf-with-dsym";
				ENABLE_NS_ASSERTIONS = NO;
				ENABLE_STRICT_OBJC_MSGSEND = YES;
				GCC_C_LANGUAGE_STANDARD = gnu11;
				GCC_NO_COMMON_BLOCKS = YES;
				GCC_WARN_64_TO_32_BIT_CONVERSION = YES;
				GCC_WARN_ABOUT_RETURN_TYPE = YES_ERROR;
				GCC_WARN_UNDECLARED_SELECTOR = YES;
				GCC_WARN_UNINITIALIZED_AUTOS = YES_AGGRESSIVE;
				GCC_WARN_UNUSED_FUNCTION = YES;
				GCC_WARN_UNUSED_VARIABLE = YES;
				IPHONEOS_DEPLOYMENT_TARGET = 11.4;
				MTL_ENABLE_DEBUG_INFO = NO;
				SDKROOT = iphoneos;
				SWIFT_OPTIMIZATION_LEVEL = "-Owholemodule";
				VALIDATE_PRODUCT = YES;
			};
			name = Release;
		};
		3446966B20D656B200D5C290 /* Debug */ = {
			isa = XCBuildConfiguration;
			buildSettings = {
				ASSETCATALOG_COMPILER_APPICON_NAME = AppIcon;
				CODE_SIGN_STYLE = Automatic;
				INFOPLIST_FILE = "CapGemini-PoC/Info.plist";
				IPHONEOS_DEPLOYMENT_TARGET = 8.0;
				LD_RUNPATH_SEARCH_PATHS = "$(inherited) @executable_path/Frameworks";
				PRODUCT_BUNDLE_IDENTIFIER = "com.murugananda.CapGemini-PoC";
				PRODUCT_NAME = "$(TARGET_NAME)";
				SWIFT_VERSION = 4.0;
				TARGETED_DEVICE_FAMILY = "1,2";
			};
			name = Debug;
		};
		3446966C20D656B200D5C290 /* Release */ = {
			isa = XCBuildConfiguration;
			buildSettings = {
				ASSETCATALOG_COMPILER_APPICON_NAME = AppIcon;
				CODE_SIGN_STYLE = Automatic;
				INFOPLIST_FILE = "CapGemini-PoC/Info.plist";
				IPHONEOS_DEPLOYMENT_TARGET = 8.0;
				LD_RUNPATH_SEARCH_PATHS = "$(inherited) @executable_path/Frameworks";
				PRODUCT_BUNDLE_IDENTIFIER = "com.murugananda.CapGemini-PoC";
				PRODUCT_NAME = "$(TARGET_NAME)";
				SWIFT_VERSION = 4.0;
				TARGETED_DEVICE_FAMILY = "1,2";
			};
			name = Release;
		};
/* End XCBuildConfiguration section */

/* Begin XCConfigurationList section */
		3446965320D656AC00D5C290 /* Build configuration list for PBXProject "CapGemini-PoC" */ = {
			isa = XCConfigurationList;
			buildConfigurations = (
				3446966820D656B200D5C290 /* Debug */,
				3446966920D656B200D5C290 /* Release */,
			);
			defaultConfigurationIsVisible = 0;
			defaultConfigurationName = Release;
		};
		3446966A20D656B200D5C290 /* Build configuration list for PBXNativeTarget "CapGemini-PoC" */ = {
			isa = XCConfigurationList;
			buildConfigurations = (
				3446966B20D656B200D5C290 /* Debug */,
				3446966C20D656B200D5C290 /* Release */,
			);
			defaultConfigurationIsVisible = 0;
			defaultConfigurationName = Release;
		};
/* End XCConfigurationList section */
	};
	rootObject = 3446965020D656AC00D5C290 /* Project object */;
}
